
Microsoft Visual Studio Solution File, Format Version 12.00
# Visual Studio Version 17
VisualStudioVersion = 17.11.35312.102
MinimumVisualStudioVersion = 10.0.40219.1
Project("{9A19103F-16F7-4668-BE54-9A1E7A4F7556}") = "DanteAPI.Enrolment", "DanteAPIEnrolment\DanteAPI.Enrolment.csproj", "{C45EB00B-534A-4F80-9E42-E02D4298D194}"
EndProject
Project("{9A19103F-16F7-4668-BE54-9A1E7A4F7556}") = "DanteAPI", "DanteAPI\DanteAPI.csproj", "{84387E85-8A29-457C-961D-E4004460A6AB}"
EndProject
Global
	GlobalSection(SolutionConfigurationPlatforms) = preSolution
		Debug|Any CPU = Debug|Any CPU
		Release|Any CPU = Release|Any CPU
	EndGlobalSection
	GlobalSection(ProjectConfigurationPlatforms) = postSolution
		{C45EB00B-534A-4F80-9E42-E02D4298D194}.Debug|Any CPU.ActiveCfg = Debug|Any CPU
		{C45EB00B-534A-4F80-9E42-E02D4298D194}.Debug|Any CPU.Build.0 = Debug|Any CPU
		{C45EB00B-534A-4F80-9E42-E02D4298D194}.Release|Any CPU.ActiveCfg = Release|Any CPU
		{C45EB00B-534A-4F80-9E42-E02D4298D194}.Release|Any CPU.Build.0 = Release|Any CPU
		{84387E85-8A29-457C-961D-E4004460A6AB}.Debug|Any CPU.ActiveCfg = Debug|Any CPU
		{84387E85-8A29-457C-961D-E4004460A6AB}.Debug|Any CPU.Build.0 = Debug|Any CPU
		{84387E85-8A29-457C-961D-E4004460A6AB}.Release|Any CPU.ActiveCfg = Release|Any CPU
		{84387E85-8A29-457C-961D-E4004460A6AB}.Release|Any CPU.Build.0 = Release|Any CPU
	EndGlobalSection
	GlobalSection(SolutionProperties) = preSolution
		HideSolutionNode = FALSE
	EndGlobalSection
	GlobalSection(ExtensibilityGlobals) = postSolution
		SolutionGuid = {B3DB2665-605D-4A29-AE0C-4BE655D5C3DB}
	EndGlobalSection
EndGlobal
