
Microsoft Visual Studio Solution File, Format Version 12.00
# Visual Studio Version 17
VisualStudioVersion = 17.11.35312.102
MinimumVisualStudioVersion = 10.0.40219.1
Project("{9A19103F-16F7-4668-BE54-9A1E7A4F7556}") = "DanteAPI.Enrolment", "DanteAPIEnrolment\DanteAPI.Enrolment.csproj", "{C45EB00B-534A-4F80-9E42-E02D4298D194}"
EndProject
Project("{9A19103F-16F7-4668-BE54-9A1E7A4F7556}") = "DanteAPI", "DanteAPI\DanteAPI.csproj", "{84387E85-8A29-457C-961D-E4004460A6AB}"
EndProject
Project("{FAE04EC0-301F-11D3-BF4B-00C04F79EFBC}") = "DanteAPI.Scheduler", "DanteAPI.Scheduler\DanteAPI.Scheduler.csproj", "{3595C606-3D92-430A-B263-A034365C10DD}"
EndProject
Project("{FAE04EC0-301F-11D3-BF4B-00C04F79EFBC}") = "DanteAPI.Backup", "DanteAPI.Backup\DanteAPI.Backup.csproj", "{2BD13007-6FB8-476B-92E1-F04D79BB6BBF}"
EndProject
Global
	GlobalSection(SolutionConfigurationPlatforms) = preSolution
		Debug|Any CPU = Debug|Any CPU
		Release|Any CPU = Release|Any CPU
	EndGlobalSection
	GlobalSection(ProjectConfigurationPlatforms) = postSolution
		{C45EB00B-534A-4F80-9E42-E02D4298D194}.Debug|Any CPU.ActiveCfg = Debug|Any CPU
		{C45EB00B-534A-4F80-9E42-E02D4298D194}.Debug|Any CPU.Build.0 = Debug|Any CPU
		{C45EB00B-534A-4F80-9E42-E02D4298D194}.Release|Any CPU.ActiveCfg = Release|Any CPU
		{C45EB00B-534A-4F80-9E42-E02D4298D194}.Release|Any CPU.Build.0 = Release|Any CPU
		{84387E85-8A29-457C-961D-E4004460A6AB}.Debug|Any CPU.ActiveCfg = Debug|Any CPU
		{84387E85-8A29-457C-961D-E4004460A6AB}.Debug|Any CPU.Build.0 = Debug|Any CPU
		{84387E85-8A29-457C-961D-E4004460A6AB}.Release|Any CPU.ActiveCfg = Release|Any CPU
		{84387E85-8A29-457C-961D-E4004460A6AB}.Release|Any CPU.Build.0 = Release|Any CPU
		{3595C606-3D92-430A-B263-A034365C10DD}.Debug|Any CPU.ActiveCfg = Debug|Any CPU
		{3595C606-3D92-430A-B263-A034365C10DD}.Debug|Any CPU.Build.0 = Debug|Any CPU
		{3595C606-3D92-430A-B263-A034365C10DD}.Release|Any CPU.ActiveCfg = Release|Any CPU
		{3595C606-3D92-430A-B263-A034365C10DD}.Release|Any CPU.Build.0 = Release|Any CPU
		{2BD13007-6FB8-476B-92E1-F04D79BB6BBF}.Debug|Any CPU.ActiveCfg = Debug|Any CPU
		{2BD13007-6FB8-476B-92E1-F04D79BB6BBF}.Debug|Any CPU.Build.0 = Debug|Any CPU
		{2BD13007-6FB8-476B-92E1-F04D79BB6BBF}.Release|Any CPU.ActiveCfg = Release|Any CPU
		{2BD13007-6FB8-476B-92E1-F04D79BB6BBF}.Release|Any CPU.Build.0 = Release|Any CPU
	EndGlobalSection
	GlobalSection(SolutionProperties) = preSolution
		HideSolutionNode = FALSE
	EndGlobalSection
	GlobalSection(ExtensibilityGlobals) = postSolution
		SolutionGuid = {B3DB2665-605D-4A29-AE0C-4BE655D5C3DB}
	EndGlobalSection
EndGlobal
